// !$*UTF8*$!
{
	archiveVersion = 1;
	classes = {
	};
	objectVersion = 48;
	objects = {

/* Begin PBXBuildFile section */
		8709727E1FB2150A006B0373 /* AppDelegate.swift in Sources */ = {isa = PBXBuildFile; fileRef = 8709727D1FB2150A006B0373 /* AppDelegate.swift */; };
		870972801FB2150A006B0373 /* ViewController.swift in Sources */ = {isa = PBXBuildFile; fileRef = 8709727F1FB2150A006B0373 /* ViewController.swift */; };
		870972831FB2150A006B0373 /* Main.storyboard in Resources */ = {isa = PBXBuildFile; fileRef = 870972811FB2150A006B0373 /* Main.storyboard */; };
		870972851FB2150A006B0373 /* Assets.xcassets in Resources */ = {isa = PBXBuildFile; fileRef = 870972841FB2150A006B0373 /* Assets.xcassets */; };
		870972881FB2150A006B0373 /* LaunchScreen.storyboard in Resources */ = {isa = PBXBuildFile; fileRef = 870972861FB2150A006B0373 /* LaunchScreen.storyboard */; };
		870972931FB2150A006B0373 /* NESWTests.swift in Sources */ = {isa = PBXBuildFile; fileRef = 870972921FB2150A006B0373 /* NESWTests.swift */; };
		8709729E1FB2150A006B0373 /* NESWUITests.swift in Sources */ = {isa = PBXBuildFile; fileRef = 8709729D1FB2150A006B0373 /* NESWUITests.swift */; };
/* End PBXBuildFile section */

/* Begin PBXContainerItemProxy section */
		8709728F1FB2150A006B0373 /* PBXContainerItemProxy */ = {
			isa = PBXContainerItemProxy;
			containerPortal = 870972721FB2150A006B0373 /* Project object */;
			proxyType = 1;
			remoteGlobalIDString = 870972791FB2150A006B0373;
			remoteInfo = NESW;
		};
		8709729A1FB2150A006B0373 /* PBXContainerItemProxy */ = {
			isa = PBXContainerItemProxy;
			containerPortal = 870972721FB2150A006B0373 /* Project object */;
			proxyType = 1;
			remoteGlobalIDString = 870972791FB2150A006B0373;
			remoteInfo = NESW;
		};
/* End PBXContainerItemProxy section */

/* Begin PBXFileReference section */
		8709727A1FB2150A006B0373 /* NESW.app */ = {isa = PBXFileReference; explicitFileType = wrapper.application; includeInIndex = 0; path = NESW.app; sourceTree = BUILT_PRODUCTS_DIR; };
		8709727D1FB2150A006B0373 /* AppDelegate.swift */ = {isa = PBXFileReference; lastKnownFileType = sourcecode.swift; path = AppDelegate.swift; sourceTree = "<group>"; };
		8709727F1FB2150A006B0373 /* ViewController.swift */ = {isa = PBXFileReference; lastKnownFileType = sourcecode.swift; path = ViewController.swift; sourceTree = "<group>"; };
		870972821FB2150A006B0373 /* Base */ = {isa = PBXFileReference; lastKnownFileType = file.storyboard; name = Base; path = Base.lproj/Main.storyboard; sourceTree = "<group>"; };
		870972841FB2150A006B0373 /* Assets.xcassets */ = {isa = PBXFileReference; lastKnownFileType = folder.assetcatalog; path = Assets.xcassets; sourceTree = "<group>"; };
		870972871FB2150A006B0373 /* Base */ = {isa = PBXFileReference; lastKnownFileType = file.storyboard; name = Base; path = Base.lproj/LaunchScreen.storyboard; sourceTree = "<group>"; };
		870972891FB2150A006B0373 /* Info.plist */ = {isa = PBXFileReference; lastKnownFileType = text.plist.xml; path = Info.plist; sourceTree = "<group>"; };
		8709728E1FB2150A006B0373 /* NESWTests.xctest */ = {isa = PBXFileReference; explicitFileType = wrapper.cfbundle; includeInIndex = 0; path = NESWTests.xctest; sourceTree = BUILT_PRODUCTS_DIR; };
		870972921FB2150A006B0373 /* NESWTests.swift */ = {isa = PBXFileReference; lastKnownFileType = sourcecode.swift; path = NESWTests.swift; sourceTree = "<group>"; };
		870972941FB2150A006B0373 /* Info.plist */ = {isa = PBXFileReference; lastKnownFileType = text.plist.xml; path = Info.plist; sourceTree = "<group>"; };
		870972991FB2150A006B0373 /* NESWUITests.xctest */ = {isa = PBXFileReference; explicitFileType = wrapper.cfbundle; includeInIndex = 0; path = NESWUITests.xctest; sourceTree = BUILT_PRODUCTS_DIR; };
		8709729D1FB2150A006B0373 /* NESWUITests.swift */ = {isa = PBXFileReference; lastKnownFileType = sourcecode.swift; path = NESWUITests.swift; sourceTree = "<group>"; };
		8709729F1FB2150A006B0373 /* Info.plist */ = {isa = PBXFileReference; lastKnownFileType = text.plist.xml; path = Info.plist; sourceTree = "<group>"; };
/* End PBXFileReference section */

/* Begin PBXFrameworksBuildPhase section */
		870972771FB2150A006B0373 /* Frameworks */ = {
			isa = PBXFrameworksBuildPhase;
			buildActionMask = 2147483647;
			files = (
			);
			runOnlyForDeploymentPostprocessing = 0;
		};
		8709728B1FB2150A006B0373 /* Frameworks */ = {
			isa = PBXFrameworksBuildPhase;
			buildActionMask = 2147483647;
			files = (
			);
			runOnlyForDeploymentPostprocessing = 0;
		};
		870972961FB2150A006B0373 /* Frameworks */ = {
			isa = PBXFrameworksBuildPhase;
			buildActionMask = 2147483647;
			files = (
			);
			runOnlyForDeploymentPostprocessing = 0;
		};
/* End PBXFrameworksBuildPhase section */

/* Begin PBXGroup section */
		870972711FB2150A006B0373 = {
			isa = PBXGroup;
			children = (
				8709727C1FB2150A006B0373 /* NESW */,
				870972911FB2150A006B0373 /* NESWTests */,
				8709729C1FB2150A006B0373 /* NESWUITests */,
				8709727B1FB2150A006B0373 /* Products */,
			);
			sourceTree = "<group>";
		};
		8709727B1FB2150A006B0373 /* Products */ = {
			isa = PBXGroup;
			children = (
				8709727A1FB2150A006B0373 /* NESW.app */,
				8709728E1FB2150A006B0373 /* NESWTests.xctest */,
				870972991FB2150A006B0373 /* NESWUITests.xctest */,
			);
			name = Products;
			sourceTree = "<group>";
		};
		8709727C1FB2150A006B0373 /* NESW */ = {
			isa = PBXGroup;
			children = (
				8709727D1FB2150A006B0373 /* AppDelegate.swift */,
				8709727F1FB2150A006B0373 /* ViewController.swift */,
				870972811FB2150A006B0373 /* Main.storyboard */,
				870972841FB2150A006B0373 /* Assets.xcassets */,
				870972861FB2150A006B0373 /* LaunchScreen.storyboard */,
				870972891FB2150A006B0373 /* Info.plist */,
			);
			path = NESW;
			sourceTree = "<group>";
		};
		870972911FB2150A006B0373 /* NESWTests */ = {
			isa = PBXGroup;
			children = (
				870972921FB2150A006B0373 /* NESWTests.swift */,
				870972941FB2150A006B0373 /* Info.plist */,
			);
			path = NESWTests;
			sourceTree = "<group>";
		};
		8709729C1FB2150A006B0373 /* NESWUITests */ = {
			isa = PBXGroup;
			children = (
				8709729D1FB2150A006B0373 /* NESWUITests.swift */,
				8709729F1FB2150A006B0373 /* Info.plist */,
			);
			path = NESWUITests;
			sourceTree = "<group>";
		};
/* End PBXGroup section */

/* Begin PBXNativeTarget section */
		870972791FB2150A006B0373 /* NESW */ = {
			isa = PBXNativeTarget;
			buildConfigurationList = 870972A21FB2150A006B0373 /* Build configuration list for PBXNativeTarget "NESW" */;
			buildPhases = (
				870972761FB2150A006B0373 /* Sources */,
				870972771FB2150A006B0373 /* Frameworks */,
				870972781FB2150A006B0373 /* Resources */,
			);
			buildRules = (
			);
			dependencies = (
			);
			name = NESW;
			productName = NESW;
			productReference = 8709727A1FB2150A006B0373 /* NESW.app */;
			productType = "com.apple.product-type.application";
		};
		8709728D1FB2150A006B0373 /* NESWTests */ = {
			isa = PBXNativeTarget;
			buildConfigurationList = 870972A51FB2150A006B0373 /* Build configuration list for PBXNativeTarget "NESWTests" */;
			buildPhases = (
				8709728A1FB2150A006B0373 /* Sources */,
				8709728B1FB2150A006B0373 /* Frameworks */,
				8709728C1FB2150A006B0373 /* Resources */,
			);
			buildRules = (
			);
			dependencies = (
				870972901FB2150A006B0373 /* PBXTargetDependency */,
			);
			name = NESWTests;
			productName = NESWTests;
			productReference = 8709728E1FB2150A006B0373 /* NESWTests.xctest */;
			productType = "com.apple.product-type.bundle.unit-test";
		};
		870972981FB2150A006B0373 /* NESWUITests */ = {
			isa = PBXNativeTarget;
			buildConfigurationList = 870972A81FB2150A006B0373 /* Build configuration list for PBXNativeTarget "NESWUITests" */;
			buildPhases = (
				870972951FB2150A006B0373 /* Sources */,
				870972961FB2150A006B0373 /* Frameworks */,
				870972971FB2150A006B0373 /* Resources */,
			);
			buildRules = (
			);
			dependencies = (
				8709729B1FB2150A006B0373 /* PBXTargetDependency */,
			);
			name = NESWUITests;
			productName = NESWUITests;
			productReference = 870972991FB2150A006B0373 /* NESWUITests.xctest */;
			productType = "com.apple.product-type.bundle.ui-testing";
		};
/* End PBXNativeTarget section */

/* Begin PBXProject section */
		870972721FB2150A006B0373 /* Project object */ = {
			isa = PBXProject;
			attributes = {
				LastSwiftUpdateCheck = 0910;
				LastUpgradeCheck = 0910;
				ORGANIZATIONNAME = "Patrick Hayes";
				TargetAttributes = {
					870972791FB2150A006B0373 = {
						CreatedOnToolsVersion = 9.1;
						ProvisioningStyle = Automatic;
					};
					8709728D1FB2150A006B0373 = {
						CreatedOnToolsVersion = 9.1;
						ProvisioningStyle = Automatic;
						TestTargetID = 870972791FB2150A006B0373;
					};
					870972981FB2150A006B0373 = {
						CreatedOnToolsVersion = 9.1;
						ProvisioningStyle = Automatic;
						TestTargetID = 870972791FB2150A006B0373;
					};
				};
			};
			buildConfigurationList = 870972751FB2150A006B0373 /* Build configuration list for PBXProject "NESW" */;
			compatibilityVersion = "Xcode 8.0";
			developmentRegion = en;
			hasScannedForEncodings = 0;
			knownRegions = (
				en,
				Base,
			);
			mainGroup = 870972711FB2150A006B0373;
			productRefGroup = 8709727B1FB2150A006B0373 /* Products */;
			projectDirPath = "";
			projectRoot = "";
			targets = (
				870972791FB2150A006B0373 /* NESW */,
				8709728D1FB2150A006B0373 /* NESWTests */,
				870972981FB2150A006B0373 /* NESWUITests */,
			);
		};
/* End PBXProject section */

/* Begin PBXResourcesBuildPhase section */
		870972781FB2150A006B0373 /* Resources */ = {
			isa = PBXResourcesBuildPhase;
			buildActionMask = 2147483647;
			files = (
				870972881FB2150A006B0373 /* LaunchScreen.storyboard in Resources */,
				870972851FB2150A006B0373 /* Assets.xcassets in Resources */,
				870972831FB2150A006B0373 /* Main.storyboard in Resources */,
			);
			runOnlyForDeploymentPostprocessing = 0;
		};
		8709728C1FB2150A006B0373 /* Resources */ = {
			isa = PBXResourcesBuildPhase;
			buildActionMask = 2147483647;
			files = (
			);
			runOnlyForDeploymentPostprocessing = 0;
		};
		870972971FB2150A006B0373 /* Resources */ = {
			isa = PBXResourcesBuildPhase;
			buildActionMask = 2147483647;
			files = (
			);
			runOnlyForDeploymentPostprocessing = 0;
		};
/* End PBXResourcesBuildPhase section */

/* Begin PBXSourcesBuildPhase section */
		870972761FB2150A006B0373 /* Sources */ = {
			isa = PBXSourcesBuildPhase;
			buildActionMask = 2147483647;
			files = (
				870972801FB2150A006B0373 /* ViewController.swift in Sources */,
				8709727E1FB2150A006B0373 /* AppDelegate.swift in Sources */,
			);
			runOnlyForDeploymentPostprocessing = 0;
		};
		8709728A1FB2150A006B0373 /* Sources */ = {
			isa = PBXSourcesBuildPhase;
			buildActionMask = 2147483647;
			files = (
				870972931FB2150A006B0373 /* NESWTests.swift in Sources */,
			);
			runOnlyForDeploymentPostprocessing = 0;
		};
		870972951FB2150A006B0373 /* Sources */ = {
			isa = PBXSourcesBuildPhase;
			buildActionMask = 2147483647;
			files = (
				8709729E1FB2150A006B0373 /* NESWUITests.swift in Sources */,
			);
			runOnlyForDeploymentPostprocessing = 0;
		};
/* End PBXSourcesBuildPhase section */

/* Begin PBXTargetDependency section */
		870972901FB2150A006B0373 /* PBXTargetDependency */ = {
			isa = PBXTargetDependency;
			target = 870972791FB2150A006B0373 /* NESW */;
			targetProxy = 8709728F1FB2150A006B0373 /* PBXContainerItemProxy */;
		};
		8709729B1FB2150A006B0373 /* PBXTargetDependency */ = {
			isa = PBXTargetDependency;
			target = 870972791FB2150A006B0373 /* NESW */;
			targetProxy = 8709729A1FB2150A006B0373 /* PBXContainerItemProxy */;
		};
/* End PBXTargetDependency section */

/* Begin PBXVariantGroup section */
		870972811FB2150A006B0373 /* Main.storyboard */ = {
			isa = PBXVariantGroup;
			children = (
				870972821FB2150A006B0373 /* Base */,
			);
			name = Main.storyboard;
			sourceTree = "<group>";
		};
		870972861FB2150A006B0373 /* LaunchScreen.storyboard */ = {
			isa = PBXVariantGroup;
			children = (
				870972871FB2150A006B0373 /* Base */,
			);
			name = LaunchScreen.storyboard;
			sourceTree = "<group>";
		};
/* End PBXVariantGroup section */

/* Begin XCBuildConfiguration section */
		870972A01FB2150A006B0373 /* Debug */ = {
			isa = XCBuildConfiguration;
			buildSettings = {
				ALWAYS_SEARCH_USER_PATHS = NO;
				CLANG_ANALYZER_NONNULL = YES;
				CLANG_ANALYZER_NUMBER_OBJECT_CONVERSION = YES_AGGRESSIVE;
				CLANG_CXX_LANGUAGE_STANDARD = "gnu++14";
				CLANG_CXX_LIBRARY = "libc++";
				CLANG_ENABLE_MODULES = YES;
				CLANG_ENABLE_OBJC_ARC = YES;
				CLANG_WARN_BLOCK_CAPTURE_AUTORELEASING = YES;
				CLANG_WARN_BOOL_CONVERSION = YES;
				CLANG_WARN_COMMA = YES;
				CLANG_WARN_CONSTANT_CONVERSION = YES;
				CLANG_WARN_DIRECT_OBJC_ISA_USAGE = YES_ERROR;
				CLANG_WARN_DOCUMENTATION_COMMENTS = YES;
				CLANG_WARN_EMPTY_BODY = YES;
				CLANG_WARN_ENUM_CONVERSION = YES;
				CLANG_WARN_INFINITE_RECURSION = YES;
				CLANG_WARN_INT_CONVERSION = YES;
				CLANG_WARN_NON_LITERAL_NULL_CONVERSION = YES;
				CLANG_WARN_OBJC_LITERAL_CONVERSION = YES;
				CLANG_WARN_OBJC_ROOT_CLASS = YES_ERROR;
				CLANG_WARN_RANGE_LOOP_ANALYSIS = YES;
				CLANG_WARN_STRICT_PROTOTYPES = YES;
				CLANG_WARN_SUSPICIOUS_MOVE = YES;
				CLANG_WARN_UNGUARDED_AVAILABILITY = YES_AGGRESSIVE;
				CLANG_WARN_UNREACHABLE_CODE = YES;
				CLANG_WARN__DUPLICATE_METHOD_MATCH = YES;
				CODE_SIGN_IDENTITY = "iPhone Developer";
				COPY_PHASE_STRIP = NO;
				DEBUG_INFORMATION_FORMAT = dwarf;
				ENABLE_STRICT_OBJC_MSGSEND = YES;
				ENABLE_TESTABILITY = YES;
				GCC_C_LANGUAGE_STANDARD = gnu11;
				GCC_DYNAMIC_NO_PIC = NO;
				GCC_NO_COMMON_BLOCKS = YES;
				GCC_OPTIMIZATION_LEVEL = 0;
				GCC_PREPROCESSOR_DEFINITIONS = (
					"DEBUG=1",
					"$(inherited)",
				);
				GCC_WARN_64_TO_32_BIT_CONVERSION = YES;
				GCC_WARN_ABOUT_RETURN_TYPE = YES_ERROR;
				GCC_WARN_UNDECLARED_SELECTOR = YES;
				GCC_WARN_UNINITIALIZED_AUTOS = YES_AGGRESSIVE;
				GCC_WARN_UNUSED_FUNCTION = YES;
				GCC_WARN_UNUSED_VARIABLE = YES;
				IPHONEOS_DEPLOYMENT_TARGET = 11.1;
				MTL_ENABLE_DEBUG_INFO = YES;
				ONLY_ACTIVE_ARCH = YES;
				SDKROOT = iphoneos;
				SWIFT_ACTIVE_COMPILATION_CONDITIONS = DEBUG;
				SWIFT_OPTIMIZATION_LEVEL = "-Onone";
			};
			name = Debug;
		};
		870972A11FB2150A006B0373 /* Release */ = {
			isa = XCBuildConfiguration;
			buildSettings = {
				ALWAYS_SEARCH_USER_PATHS = NO;
				CLANG_ANALYZER_NONNULL = YES;
				CLANG_ANALYZER_NUMBER_OBJECT_CONVERSION = YES_AGGRESSIVE;
				CLANG_CXX_LANGUAGE_STANDARD = "gnu++14";
				CLANG_CXX_LIBRARY = "libc++";
				CLANG_ENABLE_MODULES = YES;
				CLANG_ENABLE_OBJC_ARC = YES;
				CLANG_WARN_BLOCK_CAPTURE_AUTORELEASING = YES;
				CLANG_WARN_BOOL_CONVERSION = YES;
				CLANG_WARN_COMMA = YES;
				CLANG_WARN_CONSTANT_CONVERSION = YES;
				CLANG_WARN_DIRECT_OBJC_ISA_USAGE = YES_ERROR;
				CLANG_WARN_DOCUMENTATION_COMMENTS = YES;
				CLANG_WARN_EMPTY_BODY = YES;
				CLANG_WARN_ENUM_CONVERSION = YES;
				CLANG_WARN_INFINITE_RECURSION = YES;
				CLANG_WARN_INT_CONVERSION = YES;
				CLANG_WARN_NON_LITERAL_NULL_CONVERSION = YES;
				CLANG_WARN_OBJC_LITERAL_CONVERSION = YES;
				CLANG_WARN_OBJC_ROOT_CLASS = YES_ERROR;
				CLANG_WARN_RANGE_LOOP_ANALYSIS = YES;
				CLANG_WARN_STRICT_PROTOTYPES = YES;
				CLANG_WARN_SUSPICIOUS_MOVE = YES;
				CLANG_WARN_UNGUARDED_AVAILABILITY = YES_AGGRESSIVE;
				CLANG_WARN_UNREACHABLE_CODE = YES;
				CLANG_WARN__DUPLICATE_METHOD_MATCH = YES;
				CODE_SIGN_IDENTITY = "iPhone Developer";
				COPY_PHASE_STRIP = NO;
				DEBUG_INFORMATION_FORMAT = "dwarf-with-dsym";
				ENABLE_NS_ASSERTIONS = NO;
				ENABLE_STRICT_OBJC_MSGSEND = YES;
				GCC_C_LANGUAGE_STANDARD = gnu11;
				GCC_NO_COMMON_BLOCKS = YES;
				GCC_WARN_64_TO_32_BIT_CONVERSION = YES;
				GCC_WARN_ABOUT_RETURN_TYPE = YES_ERROR;
				GCC_WARN_UNDECLARED_SELECTOR = YES;
				GCC_WARN_UNINITIALIZED_AUTOS = YES_AGGRESSIVE;
				GCC_WARN_UNUSED_FUNCTION = YES;
				GCC_WARN_UNUSED_VARIABLE = YES;
				IPHONEOS_DEPLOYMENT_TARGET = 11.1;
				MTL_ENABLE_DEBUG_INFO = NO;
				SDKROOT = iphoneos;
				SWIFT_OPTIMIZATION_LEVEL = "-Owholemodule";
				VALIDATE_PRODUCT = YES;
			};
			name = Release;
		};
		870972A31FB2150A006B0373 /* Debug */ = {
			isa = XCBuildConfiguration;
			buildSettings = {
				ASSETCATALOG_COMPILER_APPICON_NAME = AppIcon;
				CODE_SIGN_STYLE = Automatic;
				INFOPLIST_FILE = NESW/Info.plist;
				LD_RUNPATH_SEARCH_PATHS = "$(inherited) @executable_path/Frameworks";
				PRODUCT_BUNDLE_IDENTIFIER = com.phayes.NESW;
				PRODUCT_NAME = "$(TARGET_NAME)";
				SWIFT_VERSION = 4.0;
				TARGETED_DEVICE_FAMILY = "1,2";
			};
			name = Debug;
		};
		870972A41FB2150A006B0373 /* Release */ = {
			isa = XCBuildConfiguration;
			buildSettings = {
				ASSETCATALOG_COMPILER_APPICON_NAME = AppIcon;
				CODE_SIGN_STYLE = Automatic;
				INFOPLIST_FILE = NESW/Info.plist;
				LD_RUNPATH_SEARCH_PATHS = "$(inherited) @executable_path/Frameworks";
				PRODUCT_BUNDLE_IDENTIFIER = com.phayes.NESW;
				PRODUCT_NAME = "$(TARGET_NAME)";
				SWIFT_VERSION = 4.0;
				TARGETED_DEVICE_FAMILY = "1,2";
			};
			name = Release;
		};
		870972A61FB2150A006B0373 /* Debug */ = {
			isa = XCBuildConfiguration;
			buildSettings = {
				ALWAYS_EMBED_SWIFT_STANDARD_LIBRARIES = YES;
				BUNDLE_LOADER = "$(TEST_HOST)";
				CODE_SIGN_STYLE = Automatic;
				INFOPLIST_FILE = NESWTests/Info.plist;
				LD_RUNPATH_SEARCH_PATHS = "$(inherited) @executable_path/Frameworks @loader_path/Frameworks";
				PRODUCT_BUNDLE_IDENTIFIER = com.phayes.NESWTests;
				PRODUCT_NAME = "$(TARGET_NAME)";
				SWIFT_VERSION = 4.0;
				TARGETED_DEVICE_FAMILY = "1,2";
				TEST_HOST = "$(BUILT_PRODUCTS_DIR)/NESW.app/NESW";
			};
			name = Debug;
		};
		870972A71FB2150A006B0373 /* Release */ = {
			isa = XCBuildConfiguration;
			buildSettings = {
				ALWAYS_EMBED_SWIFT_STANDARD_LIBRARIES = YES;
				BUNDLE_LOADER = "$(TEST_HOST)";
				CODE_SIGN_STYLE = Automatic;
				INFOPLIST_FILE = NESWTests/Info.plist;
				LD_RUNPATH_SEARCH_PATHS = "$(inherited) @executable_path/Frameworks @loader_path/Frameworks";
				PRODUCT_BUNDLE_IDENTIFIER = com.phayes.NESWTests;
				PRODUCT_NAME = "$(TARGET_NAME)";
				SWIFT_VERSION = 4.0;
				TARGETED_DEVICE_FAMILY = "1,2";
				TEST_HOST = "$(BUILT_PRODUCTS_DIR)/NESW.app/NESW";
			};
			name = Release;
		};
		870972A91FB2150A006B0373 /* Debug */ = {
			isa = XCBuildConfiguration;
			buildSettings = {
				ALWAYS_EMBED_SWIFT_STANDARD_LIBRARIES = YES;
				CODE_SIGN_STYLE = Automatic;
				INFOPLIST_FILE = NESWUITests/Info.plist;
				LD_RUNPATH_SEARCH_PATHS = "$(inherited) @executable_path/Frameworks @loader_path/Frameworks";
				PRODUCT_BUNDLE_IDENTIFIER = com.phayes.NESWUITests;
				PRODUCT_NAME = "$(TARGET_NAME)";
				SWIFT_VERSION = 4.0;
				TARGETED_DEVICE_FAMILY = "1,2";
				TEST_TARGET_NAME = NESW;
			};
			name = Debug;
		};
		870972AA1FB2150A006B0373 /* Release */ = {
			isa = XCBuildConfiguration;
			buildSettings = {
				ALWAYS_EMBED_SWIFT_STANDARD_LIBRARIES = YES;
				CODE_SIGN_STYLE = Automatic;
				INFOPLIST_FILE = NESWUITests/Info.plist;
				LD_RUNPATH_SEARCH_PATHS = "$(inherited) @executable_path/Frameworks @loader_path/Frameworks";
				PRODUCT_BUNDLE_IDENTIFIER = com.phayes.NESWUITests;
				PRODUCT_NAME = "$(TARGET_NAME)";
				SWIFT_VERSION = 4.0;
				TARGETED_DEVICE_FAMILY = "1,2";
				TEST_TARGET_NAME = NESW;
			};
			name = Release;
		};
/* End XCBuildConfiguration section */

/* Begin XCConfigurationList section */
		870972751FB2150A006B0373 /* Build configuration list for PBXProject "NESW" */ = {
			isa = XCConfigurationList;
			buildConfigurations = (
				870972A01FB2150A006B0373 /* Debug */,
				870972A11FB2150A006B0373 /* Release */,
			);
			defaultConfigurationIsVisible = 0;
			defaultConfigurationName = Release;
		};
		870972A21FB2150A006B0373 /* Build configuration list for PBXNativeTarget "NESW" */ = {
			isa = XCConfigurationList;
			buildConfigurations = (
				870972A31FB2150A006B0373 /* Debug */,
				870972A41FB2150A006B0373 /* Release */,
			);
			defaultConfigurationIsVisible = 0;
			defaultConfigurationName = Release;
		};
		870972A51FB2150A006B0373 /* Build configuration list for PBXNativeTarget "NESWTests" */ = {
			isa = XCConfigurationList;
			buildConfigurations = (
				870972A61FB2150A006B0373 /* Debug */,
				870972A71FB2150A006B0373 /* Release */,
			);
			defaultConfigurationIsVisible = 0;
			defaultConfigurationName = Release;
		};
		870972A81FB2150A006B0373 /* Build configuration list for PBXNativeTarget "NESWUITests" */ = {
			isa = XCConfigurationList;
			buildConfigurations = (
				870972A91FB2150A006B0373 /* Debug */,
				870972AA1FB2150A006B0373 /* Release */,
			);
			defaultConfigurationIsVisible = 0;
			defaultConfigurationName = Release;
		};
/* End XCConfigurationList section */
	};
	rootObject = 870972721FB2150A006B0373 /* Project object */;
}
